
Microsoft Visual Studio Solution File, Format Version 12.00
# Visual Studio Express 2012 for Windows Desktop
Project("{FAE04EC0-301F-11D3-BF4B-00C04F79EFBC}") = "EgoiApi", "EgoiApi\EgoiApi.csproj", "{65EA45C2-5318-499A-A639-FC5BDF73DAF0}"
EndProject
Project("{FAE04EC0-301F-11D3-BF4B-00C04F79EFBC}") = "Example", "Test\Example.csproj", "{BE50EBAA-4881-4635-A5A5-B9F6ADF4FF48}"
EndProject
Global
	GlobalSection(SolutionConfigurationPlatforms) = preSolution
		Debug|Any CPU = Debug|Any CPU
		Release|Any CPU = Release|Any CPU
	EndGlobalSection
	GlobalSection(ProjectConfigurationPlatforms) = postSolution
		{65EA45C2-5318-499A-A639-FC5BDF73DAF0}.Debug|Any CPU.ActiveCfg = Debug|Any CPU
		{65EA45C2-5318-499A-A639-FC5BDF73DAF0}.Debug|Any CPU.Build.0 = Debug|Any CPU
		{65EA45C2-5318-499A-A639-FC5BDF73DAF0}.Release|Any CPU.ActiveCfg = Release|Any CPU
		{65EA45C2-5318-499A-A639-FC5BDF73DAF0}.Release|Any CPU.Build.0 = Release|Any CPU
		{BE50EBAA-4881-4635-A5A5-B9F6ADF4FF48}.Debug|Any CPU.ActiveCfg = Debug|Any CPU
		{BE50EBAA-4881-4635-A5A5-B9F6ADF4FF48}.Debug|Any CPU.Build.0 = Debug|Any CPU
		{BE50EBAA-4881-4635-A5A5-B9F6ADF4FF48}.Release|Any CPU.ActiveCfg = Release|Any CPU
		{BE50EBAA-4881-4635-A5A5-B9F6ADF4FF48}.Release|Any CPU.Build.0 = Release|Any CPU
	EndGlobalSection
	GlobalSection(SolutionProperties) = preSolution
		HideSolutionNode = FALSE
	EndGlobalSection
EndGlobal
