
Microsoft Visual Studio Solution File, Format Version 12.00
# Visual Studio Express 2012 for Windows Desktop
Project("{FAE04EC0-301F-11D3-BF4B-00C04F79EFBC}") = "EgoiApiSample", "EgoiApiSample\EgoiApiSample.csproj", "{8D2F01F5-C8FD-46BC-A3D9-ADEE819778DC}"
EndProject
Global
	GlobalSection(SolutionConfigurationPlatforms) = preSolution
		Debug|Any CPU = Debug|Any CPU
		Release|Any CPU = Release|Any CPU
	EndGlobalSection
	GlobalSection(ProjectConfigurationPlatforms) = postSolution
		{8D2F01F5-C8FD-46BC-A3D9-ADEE819778DC}.Debug|Any CPU.ActiveCfg = Debug|Any CPU
		{8D2F01F5-C8FD-46BC-A3D9-ADEE819778DC}.Debug|Any CPU.Build.0 = Debug|Any CPU
		{8D2F01F5-C8FD-46BC-A3D9-ADEE819778DC}.Release|Any CPU.ActiveCfg = Release|Any CPU
		{8D2F01F5-C8FD-46BC-A3D9-ADEE819778DC}.Release|Any CPU.Build.0 = Release|Any CPU
	EndGlobalSection
	GlobalSection(SolutionProperties) = preSolution
		HideSolutionNode = FALSE
	EndGlobalSection
EndGlobal
